# THIS IS AN AUTOGENERATED FILE. DO NOT EDIT THIS FILE DIRECTLY.
# yarn lockfile v1


"@vant/weapp@^1.10.14":
  version "1.10.14"
  resolved "https://registry.npmmirror.com/@vant/weapp/-/weapp-1.10.14.tgz#b5f249097df1f1a7aa5c6602d8cad4afd397f934"
  integrity sha512-5usuhoN1kiOV6pzrdVzHrAux6DupKlGd9w+yYc992Zy1n1wHLZMb1dGM3+xtbNE3tpWE2qv95vIFSMpJRFyE7Q==

apifm-wxapi@^3.62.0:
  version "3.62.0"
  resolved "https://registry.npmmirror.com/apifm-wxapi/-/apifm-wxapi-3.62.0.tgz#4c927540ccfbe261d1863907a671e0ceaec7ec14"
  integrity sha512-NKl2frr3Xg0Zpgr9D+XWn/bGo703AxXLFYABf17BikU0mT5USQDsxs3eEWwiH81nC32u67hWVwNMEwy9k09Jcg==

dayjs@^1.11.7:
  version "1.11.7"
  resolved "https://registry.npmmirror.com/dayjs/-/dayjs-1.11.7.tgz#4b296922642f70999544d1144a2c25730fce63e2"
  integrity sha512-+Yw9U6YO5TQohxLcIkrXBeY73WP3ejHWVvx8XCk3gxvQDCTEmS48ZrSZCKciI7Bhl/uCMyxYtE9UqRILmFphkQ==
